
Microsoft Visual Studio Solution File, Format Version 12.00
# Visual Studio Version 16
VisualStudioVersion = 16.0.31205.134
MinimumVisualStudioVersion = 10.0.40219.1
Project("{FAE04EC0-301F-11D3-BF4B-00C04F79EFBC}") = "Scripterx.LearningProject.ApiDev", "Scripterx.LearningProject.ApiDev\Scripterx.LearningProject.ApiDev.csproj", "{CCB09902-C544-44BE-BCBF-8B8CAAF479CF}"
EndProject
Global
	GlobalSection(SolutionConfigurationPlatforms) = preSolution
		Debug|Any CPU = Debug|Any CPU
		Release|Any CPU = Release|Any CPU
	EndGlobalSection
	GlobalSection(ProjectConfigurationPlatforms) = postSolution
		{CCB09902-C544-44BE-BCBF-8B8CAAF479CF}.Debug|Any CPU.ActiveCfg = Debug|Any CPU
		{CCB09902-C544-44BE-BCBF-8B8CAAF479CF}.Debug|Any CPU.Build.0 = Debug|Any CPU
		{CCB09902-C544-44BE-BCBF-8B8CAAF479CF}.Release|Any CPU.ActiveCfg = Release|Any CPU
		{CCB09902-C544-44BE-BCBF-8B8CAAF479CF}.Release|Any CPU.Build.0 = Release|Any CPU
	EndGlobalSection
	GlobalSection(SolutionProperties) = preSolution
		HideSolutionNode = FALSE
	EndGlobalSection
	GlobalSection(ExtensibilityGlobals) = postSolution
		SolutionGuid = {35483872-E1A4-4642-8A5B-B60FC8612499}
	EndGlobalSection
EndGlobal
